// !$*UTF8*$!
{
	archiveVersion = 1;
	classes = {
	};
	objectVersion = 55;
	objects = {

/* Begin PBXBuildFile section */
		6452FE952A72A4FE007FB5A7 /* GoogleService-Info.plist in Resources */ = {isa = PBXBuildFile; fileRef = 6452FE942A72A4FE007FB5A7 /* GoogleService-Info.plist */; };
		645779D52A5AA5EC0013D5C1 /* UIColor + Extension.swift in Sources */ = {isa = PBXBuildFile; fileRef = 645779D42A5AA5EC0013D5C1 /* UIColor + Extension.swift */; };
		645779D72A5ABF060013D5C1 /* MealCell.swift in Sources */ = {isa = PBXBuildFile; fileRef = 645779D62A5ABF060013D5C1 /* MealCell.swift */; };
		645779FD2A5DA4A90013D5C1 /* MealModel.swift in Sources */ = {isa = PBXBuildFile; fileRef = 645779FC2A5DA4A90013D5C1 /* MealModel.swift */; };
		645779FF2A61A9F10013D5C1 /* MealTableView.swift in Sources */ = {isa = PBXBuildFile; fileRef = 645779FE2A61A9F10013D5C1 /* MealTableView.swift */; };
		64577A012A61AE570013D5C1 /* MealView.swift in Sources */ = {isa = PBXBuildFile; fileRef = 64577A002A61AE560013D5C1 /* MealView.swift */; };
		6461E8ED2A533F060087CEAA /* AppDelegate.swift in Sources */ = {isa = PBXBuildFile; fileRef = 6461E8EC2A533F060087CEAA /* AppDelegate.swift */; };
		6461E8EF2A533F060087CEAA /* SceneDelegate.swift in Sources */ = {isa = PBXBuildFile; fileRef = 6461E8EE2A533F060087CEAA /* SceneDelegate.swift */; };
		6461E8F12A533F060087CEAA /* ViewController.swift in Sources */ = {isa = PBXBuildFile; fileRef = 6461E8F02A533F060087CEAA /* ViewController.swift */; };
		6461E8F62A533F060087CEAA /* Assets.xcassets in Resources */ = {isa = PBXBuildFile; fileRef = 6461E8F52A533F060087CEAA /* Assets.xcassets */; };
		6461E8F92A533F060087CEAA /* LaunchScreen.storyboard in Resources */ = {isa = PBXBuildFile; fileRef = 6461E8F72A533F060087CEAA /* LaunchScreen.storyboard */; };
		6461E9022A53F1B90087CEAA /* SnapKit in Frameworks */ = {isa = PBXBuildFile; productRef = 6461E9012A53F1B90087CEAA /* SnapKit */; };
		6478D4DF2A6C4D860030D294 /* ProfileViewController.swift in Sources */ = {isa = PBXBuildFile; fileRef = 6478D4DE2A6C4D860030D294 /* ProfileViewController.swift */; };
		64ABC8852A67BDC800C4C73C /* MainTabBarViewController.swift in Sources */ = {isa = PBXBuildFile; fileRef = 64ABC8842A67BDC800C4C73C /* MainTabBarViewController.swift */; };
		64ABC8882A67C74D00C4C73C /* FirebaseManager.swift in Sources */ = {isa = PBXBuildFile; fileRef = 64ABC8872A67C74D00C4C73C /* FirebaseManager.swift */; };
		64ABC88B2A67C79000C4C73C /* SDWebImage in Frameworks */ = {isa = PBXBuildFile; productRef = 64ABC88A2A67C79000C4C73C /* SDWebImage */; };
		64ABC88E2A67CA4100C4C73C /* FirebaseAuth in Frameworks */ = {isa = PBXBuildFile; productRef = 64ABC88D2A67CA4100C4C73C /* FirebaseAuth */; };
		64ABC8902A67CA4100C4C73C /* FirebaseDatabase in Frameworks */ = {isa = PBXBuildFile; productRef = 64ABC88F2A67CA4100C4C73C /* FirebaseDatabase */; };
		64ABC8922A67CA4100C4C73C /* FirebaseDatabaseSwift in Frameworks */ = {isa = PBXBuildFile; productRef = 64ABC8912A67CA4100C4C73C /* FirebaseDatabaseSwift */; };
		64ABC8942A67CA4100C4C73C /* FirebaseFirestore in Frameworks */ = {isa = PBXBuildFile; productRef = 64ABC8932A67CA4100C4C73C /* FirebaseFirestore */; };
		64ABC8962A67CA4100C4C73C /* FirebaseFirestoreSwift in Frameworks */ = {isa = PBXBuildFile; productRef = 64ABC8952A67CA4100C4C73C /* FirebaseFirestoreSwift */; };
		64ABC8982A67CA4100C4C73C /* FirebaseStorage in Frameworks */ = {isa = PBXBuildFile; productRef = 64ABC8972A67CA4100C4C73C /* FirebaseStorage */; };
		64ABC89A2A67CFD900C4C73C /* StorageManager.swift in Sources */ = {isa = PBXBuildFile; fileRef = 64ABC8992A67CFD900C4C73C /* StorageManager.swift */; };
		64ABC89C2A67D66E00C4C73C /* UIImageView + Extension.swift in Sources */ = {isa = PBXBuildFile; fileRef = 64ABC89B2A67D66E00C4C73C /* UIImageView + Extension.swift */; };
		64ABC89E2A67D7C500C4C73C /* GoogleService-Info.plist in Resources */ = {isa = PBXBuildFile; fileRef = 64ABC89D2A67D7C500C4C73C /* GoogleService-Info.plist */; };
		64ABC8A02A699ED100C4C73C /* UIView + Extension.swift in Sources */ = {isa = PBXBuildFile; fileRef = 64ABC89F2A699ED000C4C73C /* UIView + Extension.swift */; };
		64AF62932A6FCB2E00DFCB76 /* CartPublisher.swift in Sources */ = {isa = PBXBuildFile; fileRef = 64AF62922A6FCB2E00DFCB76 /* CartPublisher.swift */; };
		64BA35F52A6D03C2002E7D11 /* GoogleSignIn in Frameworks */ = {isa = PBXBuildFile; productRef = 64BA35F42A6D03C2002E7D11 /* GoogleSignIn */; };
		64BA35F72A6D03C2002E7D11 /* GoogleSignInSwift in Frameworks */ = {isa = PBXBuildFile; productRef = 64BA35F62A6D03C2002E7D11 /* GoogleSignInSwift */; };
		64BBC19C2A651649007327CE /* InfoViewController.swift in Sources */ = {isa = PBXBuildFile; fileRef = 64BBC19B2A651649007327CE /* InfoViewController.swift */; };
		64BBC19E2A6518EC007327CE /* CartCell.swift in Sources */ = {isa = PBXBuildFile; fileRef = 64BBC19D2A6518EC007327CE /* CartCell.swift */; };
		64BBC1A02A65BFBC007327CE /* UIScrollView + Extension.swift in Sources */ = {isa = PBXBuildFile; fileRef = 64BBC19F2A65BFBC007327CE /* UIScrollView + Extension.swift */; };
		64BBC1A22A66A53A007327CE /* CartViewController.swift in Sources */ = {isa = PBXBuildFile; fileRef = 64BBC1A12A66A53A007327CE /* CartViewController.swift */; };
		64BBC1A42A66AE09007327CE /* CartManager.swift in Sources */ = {isa = PBXBuildFile; fileRef = 64BBC1A32A66AE09007327CE /* CartManager.swift */; };
		64C011BE2A6B094700718241 /* EmptyCartView.swift in Sources */ = {isa = PBXBuildFile; fileRef = 64C011BD2A6B094700718241 /* EmptyCartView.swift */; };
		64C2E2042A554E9A00F7494E /* NavigationMenu.swift in Sources */ = {isa = PBXBuildFile; fileRef = 64C2E2032A554E9A00F7494E /* NavigationMenu.swift */; };
		64C2E2072A555F9200F7494E /* CustomButton.swift in Sources */ = {isa = PBXBuildFile; fileRef = 64C2E2062A555F9200F7494E /* CustomButton.swift */; };
		64D4BF6D2A6D4B5D009FBC9D /* MealArray + Extension.swift in Sources */ = {isa = PBXBuildFile; fileRef = 64D4BF6C2A6D4B5D009FBC9D /* MealArray + Extension.swift */; };
		64D4BF6F2A6D5493009FBC9D /* OrderCell.swift in Sources */ = {isa = PBXBuildFile; fileRef = 64D4BF6E2A6D5493009FBC9D /* OrderCell.swift */; };
		64D4BF712A6E8359009FBC9D /* OrderModel.swift in Sources */ = {isa = PBXBuildFile; fileRef = 64D4BF702A6E8358009FBC9D /* OrderModel.swift */; };
		64D4BF732A6E856E009FBC9D /* AuthManager.swift in Sources */ = {isa = PBXBuildFile; fileRef = 64D4BF722A6E856E009FBC9D /* AuthManager.swift */; };
		64D4BF752A6E922A009FBC9D /* UserState.swift in Sources */ = {isa = PBXBuildFile; fileRef = 64D4BF742A6E9229009FBC9D /* UserState.swift */; };
/* End PBXBuildFile section */

/* Begin PBXFileReference section */
		6452FE942A72A4FE007FB5A7 /* GoogleService-Info.plist */ = {isa = PBXFileReference; fileEncoding = 4; lastKnownFileType = text.plist.xml; path = "GoogleService-Info.plist"; sourceTree = "<group>"; };
		645779D42A5AA5EC0013D5C1 /* UIColor + Extension.swift */ = {isa = PBXFileReference; lastKnownFileType = sourcecode.swift; path = "UIColor + Extension.swift"; sourceTree = "<group>"; };
		645779D62A5ABF060013D5C1 /* MealCell.swift */ = {isa = PBXFileReference; lastKnownFileType = sourcecode.swift; path = MealCell.swift; sourceTree = "<group>"; };
		645779FC2A5DA4A90013D5C1 /* MealModel.swift */ = {isa = PBXFileReference; lastKnownFileType = sourcecode.swift; path = MealModel.swift; sourceTree = "<group>"; };
		645779FE2A61A9F10013D5C1 /* MealTableView.swift */ = {isa = PBXFileReference; lastKnownFileType = sourcecode.swift; path = MealTableView.swift; sourceTree = "<group>"; };
		64577A002A61AE560013D5C1 /* MealView.swift */ = {isa = PBXFileReference; lastKnownFileType = sourcecode.swift; path = MealView.swift; sourceTree = "<group>"; };
		6461E8E92A533F060087CEAA /* DeliveryApp.app */ = {isa = PBXFileReference; explicitFileType = wrapper.application; includeInIndex = 0; path = DeliveryApp.app; sourceTree = BUILT_PRODUCTS_DIR; };
		6461E8EC2A533F060087CEAA /* AppDelegate.swift */ = {isa = PBXFileReference; lastKnownFileType = sourcecode.swift; path = AppDelegate.swift; sourceTree = "<group>"; };
		6461E8EE2A533F060087CEAA /* SceneDelegate.swift */ = {isa = PBXFileReference; lastKnownFileType = sourcecode.swift; path = SceneDelegate.swift; sourceTree = "<group>"; };
		6461E8F02A533F060087CEAA /* ViewController.swift */ = {isa = PBXFileReference; lastKnownFileType = sourcecode.swift; path = ViewController.swift; sourceTree = "<group>"; };
		6461E8F52A533F060087CEAA /* Assets.xcassets */ = {isa = PBXFileReference; lastKnownFileType = folder.assetcatalog; path = Assets.xcassets; sourceTree = "<group>"; };
		6461E8F82A533F060087CEAA /* Base */ = {isa = PBXFileReference; lastKnownFileType = file.storyboard; name = Base; path = Base.lproj/LaunchScreen.storyboard; sourceTree = "<group>"; };
		6461E8FA2A533F060087CEAA /* Info.plist */ = {isa = PBXFileReference; lastKnownFileType = text.plist.xml; path = Info.plist; sourceTree = "<group>"; };
		6478D4DE2A6C4D860030D294 /* ProfileViewController.swift */ = {isa = PBXFileReference; lastKnownFileType = sourcecode.swift; path = ProfileViewController.swift; sourceTree = "<group>"; };
		64ABC8842A67BDC800C4C73C /* MainTabBarViewController.swift */ = {isa = PBXFileReference; lastKnownFileType = sourcecode.swift; path = MainTabBarViewController.swift; sourceTree = "<group>"; };
		64ABC8872A67C74D00C4C73C /* FirebaseManager.swift */ = {isa = PBXFileReference; lastKnownFileType = sourcecode.swift; path = FirebaseManager.swift; sourceTree = "<group>"; };
		64ABC8992A67CFD900C4C73C /* StorageManager.swift */ = {isa = PBXFileReference; lastKnownFileType = sourcecode.swift; path = StorageManager.swift; sourceTree = "<group>"; };
		64ABC89B2A67D66E00C4C73C /* UIImageView + Extension.swift */ = {isa = PBXFileReference; lastKnownFileType = sourcecode.swift; path = "UIImageView + Extension.swift"; sourceTree = "<group>"; };
		64ABC89D2A67D7C500C4C73C /* GoogleService-Info.plist */ = {isa = PBXFileReference; fileEncoding = 4; lastKnownFileType = text.plist.xml; path = "GoogleService-Info.plist"; sourceTree = "<group>"; };
		64ABC89F2A699ED000C4C73C /* UIView + Extension.swift */ = {isa = PBXFileReference; lastKnownFileType = sourcecode.swift; path = "UIView + Extension.swift"; sourceTree = "<group>"; };
		64AF62922A6FCB2E00DFCB76 /* CartPublisher.swift */ = {isa = PBXFileReference; lastKnownFileType = sourcecode.swift; path = CartPublisher.swift; sourceTree = "<group>"; };
		64BBC19B2A651649007327CE /* InfoViewController.swift */ = {isa = PBXFileReference; lastKnownFileType = sourcecode.swift; path = InfoViewController.swift; sourceTree = "<group>"; };
		64BBC19D2A6518EC007327CE /* CartCell.swift */ = {isa = PBXFileReference; lastKnownFileType = sourcecode.swift; path = CartCell.swift; sourceTree = "<group>"; };
		64BBC19F2A65BFBC007327CE /* UIScrollView + Extension.swift */ = {isa = PBXFileReference; lastKnownFileType = sourcecode.swift; path = "UIScrollView + Extension.swift"; sourceTree = "<group>"; };
		64BBC1A12A66A53A007327CE /* CartViewController.swift */ = {isa = PBXFileReference; lastKnownFileType = sourcecode.swift; path = CartViewController.swift; sourceTree = "<group>"; };
		64BBC1A32A66AE09007327CE /* CartManager.swift */ = {isa = PBXFileReference; lastKnownFileType = sourcecode.swift; path = CartManager.swift; sourceTree = "<group>"; };
		64C011BD2A6B094700718241 /* EmptyCartView.swift */ = {isa = PBXFileReference; lastKnownFileType = sourcecode.swift; path = EmptyCartView.swift; sourceTree = "<group>"; };
		64C2E2032A554E9A00F7494E /* NavigationMenu.swift */ = {isa = PBXFileReference; lastKnownFileType = sourcecode.swift; path = NavigationMenu.swift; sourceTree = "<group>"; };
		64C2E2062A555F9200F7494E /* CustomButton.swift */ = {isa = PBXFileReference; lastKnownFileType = sourcecode.swift; path = CustomButton.swift; sourceTree = "<group>"; };
		64D4BF6C2A6D4B5D009FBC9D /* MealArray + Extension.swift */ = {isa = PBXFileReference; lastKnownFileType = sourcecode.swift; path = "MealArray + Extension.swift"; sourceTree = "<group>"; };
		64D4BF6E2A6D5493009FBC9D /* OrderCell.swift */ = {isa = PBXFileReference; lastKnownFileType = sourcecode.swift; path = OrderCell.swift; sourceTree = "<group>"; };
		64D4BF702A6E8358009FBC9D /* OrderModel.swift */ = {isa = PBXFileReference; lastKnownFileType = sourcecode.swift; path = OrderModel.swift; sourceTree = "<group>"; };
		64D4BF722A6E856E009FBC9D /* AuthManager.swift */ = {isa = PBXFileReference; lastKnownFileType = sourcecode.swift; path = AuthManager.swift; sourceTree = "<group>"; };
		64D4BF742A6E9229009FBC9D /* UserState.swift */ = {isa = PBXFileReference; lastKnownFileType = sourcecode.swift; path = UserState.swift; sourceTree = "<group>"; };
/* End PBXFileReference section */

/* Begin PBXFrameworksBuildPhase section */
		6461E8E62A533F060087CEAA /* Frameworks */ = {
			isa = PBXFrameworksBuildPhase;
			buildActionMask = 2147483647;
			files = (
				64ABC8922A67CA4100C4C73C /* FirebaseDatabaseSwift in Frameworks */,
				64ABC88B2A67C79000C4C73C /* SDWebImage in Frameworks */,
				64ABC88E2A67CA4100C4C73C /* FirebaseAuth in Frameworks */,
				64ABC8962A67CA4100C4C73C /* FirebaseFirestoreSwift in Frameworks */,
				64ABC8902A67CA4100C4C73C /* FirebaseDatabase in Frameworks */,
				64BA35F72A6D03C2002E7D11 /* GoogleSignInSwift in Frameworks */,
				64ABC8982A67CA4100C4C73C /* FirebaseStorage in Frameworks */,
				6461E9022A53F1B90087CEAA /* SnapKit in Frameworks */,
				64ABC8942A67CA4100C4C73C /* FirebaseFirestore in Frameworks */,
				64BA35F52A6D03C2002E7D11 /* GoogleSignIn in Frameworks */,
			);
			runOnlyForDeploymentPostprocessing = 0;
		};
/* End PBXFrameworksBuildPhase section */

/* Begin PBXGroup section */
		645779D32A5AA5A90013D5C1 /* Extensions */ = {
			isa = PBXGroup;
			children = (
				645779D42A5AA5EC0013D5C1 /* UIColor + Extension.swift */,
				64BBC19F2A65BFBC007327CE /* UIScrollView + Extension.swift */,
				64ABC89B2A67D66E00C4C73C /* UIImageView + Extension.swift */,
				64ABC89F2A699ED000C4C73C /* UIView + Extension.swift */,
				64D4BF6C2A6D4B5D009FBC9D /* MealArray + Extension.swift */,
				64AF62922A6FCB2E00DFCB76 /* CartPublisher.swift */,
			);
			path = Extensions;
			sourceTree = "<group>";
		};
		645779FB2A5DA4930013D5C1 /* Models */ = {
			isa = PBXGroup;
			children = (
				645779FC2A5DA4A90013D5C1 /* MealModel.swift */,
				64D4BF702A6E8358009FBC9D /* OrderModel.swift */,
				64D4BF742A6E9229009FBC9D /* UserState.swift */,
			);
			path = Models;
			sourceTree = "<group>";
		};
		6461E8E02A533F060087CEAA = {
			isa = PBXGroup;
			children = (
				6461E8EB2A533F060087CEAA /* DeliveryApp */,
				6461E8EA2A533F060087CEAA /* Products */,
			);
			sourceTree = "<group>";
		};
		6461E8EA2A533F060087CEAA /* Products */ = {
			isa = PBXGroup;
			children = (
				6461E8E92A533F060087CEAA /* DeliveryApp.app */,
			);
			name = Products;
			sourceTree = "<group>";
		};
		6461E8EB2A533F060087CEAA /* DeliveryApp */ = {
			isa = PBXGroup;
			children = (
				6461E8EC2A533F060087CEAA /* AppDelegate.swift */,
				6461E8EE2A533F060087CEAA /* SceneDelegate.swift */,
				64C2E2002A554E5400F7494E /* Views */,
				64C2E2022A554E6700F7494E /* ViewControllers */,
				645779FB2A5DA4930013D5C1 /* Models */,
				64ABC8862A67C72B00C4C73C /* Networking */,
				645779D32A5AA5A90013D5C1 /* Extensions */,
				6461E8F72A533F060087CEAA /* LaunchScreen.storyboard */,
				64ABC89D2A67D7C500C4C73C /* GoogleService-Info.plist */,
				6452FE942A72A4FE007FB5A7 /* GoogleService-Info.plist */,
				6461E8F52A533F060087CEAA /* Assets.xcassets */,
				6461E8FA2A533F060087CEAA /* Info.plist */,
			);
			path = DeliveryApp;
			sourceTree = "<group>";
		};
		64ABC8862A67C72B00C4C73C /* Networking */ = {
			isa = PBXGroup;
			children = (
				64BBC1A32A66AE09007327CE /* CartManager.swift */,
				64ABC8872A67C74D00C4C73C /* FirebaseManager.swift */,
				64D4BF722A6E856E009FBC9D /* AuthManager.swift */,
				64ABC8992A67CFD900C4C73C /* StorageManager.swift */,
			);
			path = Networking;
			sourceTree = "<group>";
		};
		64C2E2002A554E5400F7494E /* Views */ = {
			isa = PBXGroup;
			children = (
				64C2E2032A554E9A00F7494E /* NavigationMenu.swift */,
				64C2E2062A555F9200F7494E /* CustomButton.swift */,
				645779D62A5ABF060013D5C1 /* MealCell.swift */,
				645779FE2A61A9F10013D5C1 /* MealTableView.swift */,
				64577A002A61AE560013D5C1 /* MealView.swift */,
				64BBC19D2A6518EC007327CE /* CartCell.swift */,
				64C011BD2A6B094700718241 /* EmptyCartView.swift */,
				64D4BF6E2A6D5493009FBC9D /* OrderCell.swift */,
			);
			path = Views;
			sourceTree = "<group>";
		};
		64C2E2022A554E6700F7494E /* ViewControllers */ = {
			isa = PBXGroup;
			children = (
				6461E8F02A533F060087CEAA /* ViewController.swift */,
				64BBC19B2A651649007327CE /* InfoViewController.swift */,
				64BBC1A12A66A53A007327CE /* CartViewController.swift */,
				64ABC8842A67BDC800C4C73C /* MainTabBarViewController.swift */,
				6478D4DE2A6C4D860030D294 /* ProfileViewController.swift */,
			);
			path = ViewControllers;
			sourceTree = "<group>";
		};
/* End PBXGroup section */

/* Begin PBXNativeTarget section */
		6461E8E82A533F060087CEAA /* DeliveryApp */ = {
			isa = PBXNativeTarget;
			buildConfigurationList = 6461E8FD2A533F060087CEAA /* Build configuration list for PBXNativeTarget "DeliveryApp" */;
			buildPhases = (
				6461E8E52A533F060087CEAA /* Sources */,
				6461E8E62A533F060087CEAA /* Frameworks */,
				6461E8E72A533F060087CEAA /* Resources */,
			);
			buildRules = (
			);
			dependencies = (
			);
			name = DeliveryApp;
			packageProductDependencies = (
				6461E9012A53F1B90087CEAA /* SnapKit */,
				64ABC88A2A67C79000C4C73C /* SDWebImage */,
				64ABC88D2A67CA4100C4C73C /* FirebaseAuth */,
				64ABC88F2A67CA4100C4C73C /* FirebaseDatabase */,
				64ABC8912A67CA4100C4C73C /* FirebaseDatabaseSwift */,
				64ABC8932A67CA4100C4C73C /* FirebaseFirestore */,
				64ABC8952A67CA4100C4C73C /* FirebaseFirestoreSwift */,
				64ABC8972A67CA4100C4C73C /* FirebaseStorage */,
				64BA35F42A6D03C2002E7D11 /* GoogleSignIn */,
				64BA35F62A6D03C2002E7D11 /* GoogleSignInSwift */,
			);
			productName = DeliveryApp;
			productReference = 6461E8E92A533F060087CEAA /* DeliveryApp.app */;
			productType = "com.apple.product-type.application";
		};
/* End PBXNativeTarget section */

/* Begin PBXProject section */
		6461E8E12A533F060087CEAA /* Project object */ = {
			isa = PBXProject;
			attributes = {
				BuildIndependentTargetsInParallel = 1;
				LastSwiftUpdateCheck = 1330;
				LastUpgradeCheck = 1330;
				TargetAttributes = {
					6461E8E82A533F060087CEAA = {
						CreatedOnToolsVersion = 13.3;
					};
				};
			};
			buildConfigurationList = 6461E8E42A533F060087CEAA /* Build configuration list for PBXProject "DeliveryApp" */;
			compatibilityVersion = "Xcode 13.0";
			developmentRegion = en;
			hasScannedForEncodings = 0;
			knownRegions = (
				en,
				Base,
			);
			mainGroup = 6461E8E02A533F060087CEAA;
			packageReferences = (
				6461E9002A53F1B90087CEAA /* XCRemoteSwiftPackageReference "SnapKit" */,
				64ABC8892A67C79000C4C73C /* XCRemoteSwiftPackageReference "SDWebImage" */,
				64ABC88C2A67CA4000C4C73C /* XCRemoteSwiftPackageReference "firebase-ios-sdk" */,
				64BA35F32A6D03C2002E7D11 /* XCRemoteSwiftPackageReference "GoogleSignIn-iOS" */,
			);
			productRefGroup = 6461E8EA2A533F060087CEAA /* Products */;
			projectDirPath = "";
			projectRoot = "";
			targets = (
				6461E8E82A533F060087CEAA /* DeliveryApp */,
			);
		};
/* End PBXProject section */

/* Begin PBXResourcesBuildPhase section */
		6461E8E72A533F060087CEAA /* Resources */ = {
			isa = PBXResourcesBuildPhase;
			buildActionMask = 2147483647;
			files = (
				6461E8F92A533F060087CEAA /* LaunchScreen.storyboard in Resources */,
				64ABC89E2A67D7C500C4C73C /* GoogleService-Info.plist in Resources */,
				6461E8F62A533F060087CEAA /* Assets.xcassets in Resources */,
				6452FE952A72A4FE007FB5A7 /* GoogleService-Info.plist in Resources */,
			);
			runOnlyForDeploymentPostprocessing = 0;
		};
/* End PBXResourcesBuildPhase section */

/* Begin PBXSourcesBuildPhase section */
		6461E8E52A533F060087CEAA /* Sources */ = {
			isa = PBXSourcesBuildPhase;
			buildActionMask = 2147483647;
			files = (
				6461E8F12A533F060087CEAA /* ViewController.swift in Sources */,
				64C011BE2A6B094700718241 /* EmptyCartView.swift in Sources */,
				64AF62932A6FCB2E00DFCB76 /* CartPublisher.swift in Sources */,
				64D4BF732A6E856E009FBC9D /* AuthManager.swift in Sources */,
				64BBC19C2A651649007327CE /* InfoViewController.swift in Sources */,
				64BBC1A22A66A53A007327CE /* CartViewController.swift in Sources */,
				64D4BF752A6E922A009FBC9D /* UserState.swift in Sources */,
				64ABC89A2A67CFD900C4C73C /* StorageManager.swift in Sources */,
				64C2E2042A554E9A00F7494E /* NavigationMenu.swift in Sources */,
				6478D4DF2A6C4D860030D294 /* ProfileViewController.swift in Sources */,
				645779FD2A5DA4A90013D5C1 /* MealModel.swift in Sources */,
				6461E8ED2A533F060087CEAA /* AppDelegate.swift in Sources */,
				645779FF2A61A9F10013D5C1 /* MealTableView.swift in Sources */,
				64D4BF6D2A6D4B5D009FBC9D /* MealArray + Extension.swift in Sources */,
				64D4BF6F2A6D5493009FBC9D /* OrderCell.swift in Sources */,
				64ABC8A02A699ED100C4C73C /* UIView + Extension.swift in Sources */,
				64ABC89C2A67D66E00C4C73C /* UIImageView + Extension.swift in Sources */,
				645779D72A5ABF060013D5C1 /* MealCell.swift in Sources */,
				645779D52A5AA5EC0013D5C1 /* UIColor + Extension.swift in Sources */,
				64ABC8852A67BDC800C4C73C /* MainTabBarViewController.swift in Sources */,
				64BBC19E2A6518EC007327CE /* CartCell.swift in Sources */,
				64BBC1A42A66AE09007327CE /* CartManager.swift in Sources */,
				64C2E2072A555F9200F7494E /* CustomButton.swift in Sources */,
				64BBC1A02A65BFBC007327CE /* UIScrollView + Extension.swift in Sources */,
				64D4BF712A6E8359009FBC9D /* OrderModel.swift in Sources */,
				6461E8EF2A533F060087CEAA /* SceneDelegate.swift in Sources */,
				64577A012A61AE570013D5C1 /* MealView.swift in Sources */,
				64ABC8882A67C74D00C4C73C /* FirebaseManager.swift in Sources */,
			);
			runOnlyForDeploymentPostprocessing = 0;
		};
/* End PBXSourcesBuildPhase section */

/* Begin PBXVariantGroup section */
		6461E8F72A533F060087CEAA /* LaunchScreen.storyboard */ = {
			isa = PBXVariantGroup;
			children = (
				6461E8F82A533F060087CEAA /* Base */,
			);
			name = LaunchScreen.storyboard;
			sourceTree = "<group>";
		};
/* End PBXVariantGroup section */

/* Begin XCBuildConfiguration section */
		6461E8FB2A533F060087CEAA /* Debug */ = {
			isa = XCBuildConfiguration;
			buildSettings = {
				ALWAYS_SEARCH_USER_PATHS = NO;
				CLANG_ANALYZER_NONNULL = YES;
				CLANG_ANALYZER_NUMBER_OBJECT_CONVERSION = YES_AGGRESSIVE;
				CLANG_CXX_LANGUAGE_STANDARD = "gnu++17";
				CLANG_ENABLE_MODULES = YES;
				CLANG_ENABLE_OBJC_ARC = YES;
				CLANG_ENABLE_OBJC_WEAK = YES;
				CLANG_WARN_BLOCK_CAPTURE_AUTORELEASING = YES;
				CLANG_WARN_BOOL_CONVERSION = YES;
				CLANG_WARN_COMMA = YES;
				CLANG_WARN_CONSTANT_CONVERSION = YES;
				CLANG_WARN_DEPRECATED_OBJC_IMPLEMENTATIONS = YES;
				CLANG_WARN_DIRECT_OBJC_ISA_USAGE = YES_ERROR;
				CLANG_WARN_DOCUMENTATION_COMMENTS = YES;
				CLANG_WARN_EMPTY_BODY = YES;
				CLANG_WARN_ENUM_CONVERSION = YES;
				CLANG_WARN_INFINITE_RECURSION = YES;
				CLANG_WARN_INT_CONVERSION = YES;
				CLANG_WARN_NON_LITERAL_NULL_CONVERSION = YES;
				CLANG_WARN_OBJC_IMPLICIT_RETAIN_SELF = YES;
				CLANG_WARN_OBJC_LITERAL_CONVERSION = YES;
				CLANG_WARN_OBJC_ROOT_CLASS = YES_ERROR;
				CLANG_WARN_QUOTED_INCLUDE_IN_FRAMEWORK_HEADER = YES;
				CLANG_WARN_RANGE_LOOP_ANALYSIS = YES;
				CLANG_WARN_STRICT_PROTOTYPES = YES;
				CLANG_WARN_SUSPICIOUS_MOVE = YES;
				CLANG_WARN_UNGUARDED_AVAILABILITY = YES_AGGRESSIVE;
				CLANG_WARN_UNREACHABLE_CODE = YES;
				CLANG_WARN__DUPLICATE_METHOD_MATCH = YES;
				COPY_PHASE_STRIP = NO;
				DEBUG_INFORMATION_FORMAT = dwarf;
				ENABLE_STRICT_OBJC_MSGSEND = YES;
				ENABLE_TESTABILITY = YES;
				GCC_C_LANGUAGE_STANDARD = gnu11;
				GCC_DYNAMIC_NO_PIC = NO;
				GCC_NO_COMMON_BLOCKS = YES;
				GCC_OPTIMIZATION_LEVEL = 0;
				GCC_PREPROCESSOR_DEFINITIONS = (
					"DEBUG=1",
					"$(inherited)",
				);
				GCC_WARN_64_TO_32_BIT_CONVERSION = YES;
				GCC_WARN_ABOUT_RETURN_TYPE = YES_ERROR;
				GCC_WARN_UNDECLARED_SELECTOR = YES;
				GCC_WARN_UNINITIALIZED_AUTOS = YES_AGGRESSIVE;
				GCC_WARN_UNUSED_FUNCTION = YES;
				GCC_WARN_UNUSED_VARIABLE = YES;
				IPHONEOS_DEPLOYMENT_TARGET = 15.4;
				MTL_ENABLE_DEBUG_INFO = INCLUDE_SOURCE;
				MTL_FAST_MATH = YES;
				ONLY_ACTIVE_ARCH = YES;
				SDKROOT = iphoneos;
				SWIFT_ACTIVE_COMPILATION_CONDITIONS = DEBUG;
				SWIFT_OPTIMIZATION_LEVEL = "-Onone";
			};
			name = Debug;
		};
		6461E8FC2A533F060087CEAA /* Release */ = {
			isa = XCBuildConfiguration;
			buildSettings = {
				ALWAYS_SEARCH_USER_PATHS = NO;
				CLANG_ANALYZER_NONNULL = YES;
				CLANG_ANALYZER_NUMBER_OBJECT_CONVERSION = YES_AGGRESSIVE;
				CLANG_CXX_LANGUAGE_STANDARD = "gnu++17";
				CLANG_ENABLE_MODULES = YES;
				CLANG_ENABLE_OBJC_ARC = YES;
				CLANG_ENABLE_OBJC_WEAK = YES;
				CLANG_WARN_BLOCK_CAPTURE_AUTORELEASING = YES;
				CLANG_WARN_BOOL_CONVERSION = YES;
				CLANG_WARN_COMMA = YES;
				CLANG_WARN_CONSTANT_CONVERSION = YES;
				CLANG_WARN_DEPRECATED_OBJC_IMPLEMENTATIONS = YES;
				CLANG_WARN_DIRECT_OBJC_ISA_USAGE = YES_ERROR;
				CLANG_WARN_DOCUMENTATION_COMMENTS = YES;
				CLANG_WARN_EMPTY_BODY = YES;
				CLANG_WARN_ENUM_CONVERSION = YES;
				CLANG_WARN_INFINITE_RECURSION = YES;
				CLANG_WARN_INT_CONVERSION = YES;
				CLANG_WARN_NON_LITERAL_NULL_CONVERSION = YES;
				CLANG_WARN_OBJC_IMPLICIT_RETAIN_SELF = YES;
				CLANG_WARN_OBJC_LITERAL_CONVERSION = YES;
				CLANG_WARN_OBJC_ROOT_CLASS = YES_ERROR;
				CLANG_WARN_QUOTED_INCLUDE_IN_FRAMEWORK_HEADER = YES;
				CLANG_WARN_RANGE_LOOP_ANALYSIS = YES;
				CLANG_WARN_STRICT_PROTOTYPES = YES;
				CLANG_WARN_SUSPICIOUS_MOVE = YES;
				CLANG_WARN_UNGUARDED_AVAILABILITY = YES_AGGRESSIVE;
				CLANG_WARN_UNREACHABLE_CODE = YES;
				CLANG_WARN__DUPLICATE_METHOD_MATCH = YES;
				COPY_PHASE_STRIP = NO;
				DEBUG_INFORMATION_FORMAT = "dwarf-with-dsym";
				ENABLE_NS_ASSERTIONS = NO;
				ENABLE_STRICT_OBJC_MSGSEND = YES;
				GCC_C_LANGUAGE_STANDARD = gnu11;
				GCC_NO_COMMON_BLOCKS = YES;
				GCC_WARN_64_TO_32_BIT_CONVERSION = YES;
				GCC_WARN_ABOUT_RETURN_TYPE = YES_ERROR;
				GCC_WARN_UNDECLARED_SELECTOR = YES;
				GCC_WARN_UNINITIALIZED_AUTOS = YES_AGGRESSIVE;
				GCC_WARN_UNUSED_FUNCTION = YES;
				GCC_WARN_UNUSED_VARIABLE = YES;
				IPHONEOS_DEPLOYMENT_TARGET = 15.4;
				MTL_ENABLE_DEBUG_INFO = NO;
				MTL_FAST_MATH = YES;
				SDKROOT = iphoneos;
				SWIFT_COMPILATION_MODE = wholemodule;
				SWIFT_OPTIMIZATION_LEVEL = "-O";
				VALIDATE_PRODUCT = YES;
			};
			name = Release;
		};
		6461E8FE2A533F060087CEAA /* Debug */ = {
			isa = XCBuildConfiguration;
			buildSettings = {
				ASSETCATALOG_COMPILER_APPICON_NAME = AppIcon;
				ASSETCATALOG_COMPILER_GLOBAL_ACCENT_COLOR_NAME = AccentColor;
				CODE_SIGN_STYLE = Automatic;
				CURRENT_PROJECT_VERSION = 1;
				DEVELOPMENT_TEAM = V8ALJCTXD3;
				GENERATE_INFOPLIST_FILE = YES;
				INFOPLIST_FILE = DeliveryApp/Info.plist;
				INFOPLIST_KEY_UIApplicationSupportsIndirectInputEvents = YES;
				INFOPLIST_KEY_UILaunchStoryboardName = LaunchScreen;
				INFOPLIST_KEY_UISupportedInterfaceOrientations_iPad = "UIInterfaceOrientationPortrait UIInterfaceOrientationPortraitUpsideDown UIInterfaceOrientationLandscapeLeft UIInterfaceOrientationLandscapeRight";
				INFOPLIST_KEY_UISupportedInterfaceOrientations_iPhone = "UIInterfaceOrientationPortrait UIInterfaceOrientationLandscapeLeft UIInterfaceOrientationLandscapeRight";
				LD_RUNPATH_SEARCH_PATHS = (
					"$(inherited)",
					"@executable_path/Frameworks",
				);
				MARKETING_VERSION = 1.0;
				PRODUCT_BUNDLE_IDENTIFIER = ClownTeam.DeliveryApp;
				PRODUCT_NAME = "$(TARGET_NAME)";
				SWIFT_EMIT_LOC_STRINGS = YES;
				SWIFT_VERSION = 5.0;
				TARGETED_DEVICE_FAMILY = "1,2";
			};
			name = Debug;
		};
		6461E8FF2A533F060087CEAA /* Release */ = {
			isa = XCBuildConfiguration;
			buildSettings = {
				ASSETCATALOG_COMPILER_APPICON_NAME = AppIcon;
				ASSETCATALOG_COMPILER_GLOBAL_ACCENT_COLOR_NAME = AccentColor;
				CODE_SIGN_STYLE = Automatic;
				CURRENT_PROJECT_VERSION = 1;
				DEVELOPMENT_TEAM = V8ALJCTXD3;
				GENERATE_INFOPLIST_FILE = YES;
				INFOPLIST_FILE = DeliveryApp/Info.plist;
				INFOPLIST_KEY_UIApplicationSupportsIndirectInputEvents = YES;
				INFOPLIST_KEY_UILaunchStoryboardName = LaunchScreen;
				INFOPLIST_KEY_UISupportedInterfaceOrientations_iPad = "UIInterfaceOrientationPortrait UIInterfaceOrientationPortraitUpsideDown UIInterfaceOrientationLandscapeLeft UIInterfaceOrientationLandscapeRight";
				INFOPLIST_KEY_UISupportedInterfaceOrientations_iPhone = "UIInterfaceOrientationPortrait UIInterfaceOrientationLandscapeLeft UIInterfaceOrientationLandscapeRight";
				LD_RUNPATH_SEARCH_PATHS = (
					"$(inherited)",
					"@executable_path/Frameworks",
				);
				MARKETING_VERSION = 1.0;
				PRODUCT_BUNDLE_IDENTIFIER = ClownTeam.DeliveryApp;
				PRODUCT_NAME = "$(TARGET_NAME)";
				SWIFT_EMIT_LOC_STRINGS = YES;
				SWIFT_VERSION = 5.0;
				TARGETED_DEVICE_FAMILY = "1,2";
			};
			name = Release;
		};
/* End XCBuildConfiguration section */

/* Begin XCConfigurationList section */
		6461E8E42A533F060087CEAA /* Build configuration list for PBXProject "DeliveryApp" */ = {
			isa = XCConfigurationList;
			buildConfigurations = (
				6461E8FB2A533F060087CEAA /* Debug */,
				6461E8FC2A533F060087CEAA /* Release */,
			);
			defaultConfigurationIsVisible = 0;
			defaultConfigurationName = Release;
		};
		6461E8FD2A533F060087CEAA /* Build configuration list for PBXNativeTarget "DeliveryApp" */ = {
			isa = XCConfigurationList;
			buildConfigurations = (
				6461E8FE2A533F060087CEAA /* Debug */,
				6461E8FF2A533F060087CEAA /* Release */,
			);
			defaultConfigurationIsVisible = 0;
			defaultConfigurationName = Release;
		};
/* End XCConfigurationList section */

/* Begin XCRemoteSwiftPackageReference section */
		6461E9002A53F1B90087CEAA /* XCRemoteSwiftPackageReference "SnapKit" */ = {
			isa = XCRemoteSwiftPackageReference;
			repositoryURL = "https://github.com/SnapKit/SnapKit.git";
			requirement = {
				kind = upToNextMajorVersion;
				minimumVersion = 5.0.0;
			};
		};
		64ABC8892A67C79000C4C73C /* XCRemoteSwiftPackageReference "SDWebImage" */ = {
			isa = XCRemoteSwiftPackageReference;
			repositoryURL = "https://github.com/SDWebImage/SDWebImage";
			requirement = {
				kind = upToNextMajorVersion;
				minimumVersion = 5.0.0;
			};
		};
		64ABC88C2A67CA4000C4C73C /* XCRemoteSwiftPackageReference "firebase-ios-sdk" */ = {
			isa = XCRemoteSwiftPackageReference;
			repositoryURL = "https://github.com/firebase/firebase-ios-sdk";
			requirement = {
				kind = upToNextMajorVersion;
				minimumVersion = 9.0.0;
			};
		};
		64BA35F32A6D03C2002E7D11 /* XCRemoteSwiftPackageReference "GoogleSignIn-iOS" */ = {
			isa = XCRemoteSwiftPackageReference;
			repositoryURL = "https://github.com/google/GoogleSignIn-iOS";
			requirement = {
				kind = upToNextMajorVersion;
				minimumVersion = 7.0.0;
			};
		};
/* End XCRemoteSwiftPackageReference section */

/* Begin XCSwiftPackageProductDependency section */
		6461E9012A53F1B90087CEAA /* SnapKit */ = {
			isa = XCSwiftPackageProductDependency;
			package = 6461E9002A53F1B90087CEAA /* XCRemoteSwiftPackageReference "SnapKit" */;
			productName = SnapKit;
		};
		64ABC88A2A67C79000C4C73C /* SDWebImage */ = {
			isa = XCSwiftPackageProductDependency;
			package = 64ABC8892A67C79000C4C73C /* XCRemoteSwiftPackageReference "SDWebImage" */;
			productName = SDWebImage;
		};
		64ABC88D2A67CA4100C4C73C /* FirebaseAuth */ = {
			isa = XCSwiftPackageProductDependency;
			package = 64ABC88C2A67CA4000C4C73C /* XCRemoteSwiftPackageReference "firebase-ios-sdk" */;
			productName = FirebaseAuth;
		};
		64ABC88F2A67CA4100C4C73C /* FirebaseDatabase */ = {
			isa = XCSwiftPackageProductDependency;
			package = 64ABC88C2A67CA4000C4C73C /* XCRemoteSwiftPackageReference "firebase-ios-sdk" */;
			productName = FirebaseDatabase;
		};
		64ABC8912A67CA4100C4C73C /* FirebaseDatabaseSwift */ = {
			isa = XCSwiftPackageProductDependency;
			package = 64ABC88C2A67CA4000C4C73C /* XCRemoteSwiftPackageReference "firebase-ios-sdk" */;
			productName = FirebaseDatabaseSwift;
		};
		64ABC8932A67CA4100C4C73C /* FirebaseFirestore */ = {
			isa = XCSwiftPackageProductDependency;
			package = 64ABC88C2A67CA4000C4C73C /* XCRemoteSwiftPackageReference "firebase-ios-sdk" */;
			productName = FirebaseFirestore;
		};
		64ABC8952A67CA4100C4C73C /* FirebaseFirestoreSwift */ = {
			isa = XCSwiftPackageProductDependency;
			package = 64ABC88C2A67CA4000C4C73C /* XCRemoteSwiftPackageReference "firebase-ios-sdk" */;
			productName = FirebaseFirestoreSwift;
		};
		64ABC8972A67CA4100C4C73C /* FirebaseStorage */ = {
			isa = XCSwiftPackageProductDependency;
			package = 64ABC88C2A67CA4000C4C73C /* XCRemoteSwiftPackageReference "firebase-ios-sdk" */;
			productName = FirebaseStorage;
		};
		64BA35F42A6D03C2002E7D11 /* GoogleSignIn */ = {
			isa = XCSwiftPackageProductDependency;
			package = 64BA35F32A6D03C2002E7D11 /* XCRemoteSwiftPackageReference "GoogleSignIn-iOS" */;
			productName = GoogleSignIn;
		};
		64BA35F62A6D03C2002E7D11 /* GoogleSignInSwift */ = {
			isa = XCSwiftPackageProductDependency;
			package = 64BA35F32A6D03C2002E7D11 /* XCRemoteSwiftPackageReference "GoogleSignIn-iOS" */;
			productName = GoogleSignInSwift;
		};
/* End XCSwiftPackageProductDependency section */
	};
	rootObject = 6461E8E12A533F060087CEAA /* Project object */;
}
